github.com/badoux/checkmail v1.2.1 h1:TzwYx5pnsV6anJweMx2auXdekBwGr/yt1GgalIx9nBQ=
github.com/badoux/checkmail v1.2.1/go.mod h1:XroCOBU5zzZJcLvgwU15I+2xXyCdTWXyR9MGfRhBYy0=
github.com/google/uuid v1.1.2 h1:EVhdT+1Kseyi1/pUmXKaFxYsDNy9RQYkMWRH68J/W7Y=
github.com/google/uuid v1.1.2/go.mod h1:TIyPZe4MgqvfeYDBFedMoGGpEw/LqOeaOT+nhxU+yHo=
github.com/gorilla/mux v1.8.0 h1:i40aqfkR1h2SlN9hojwV5ZA91wcXFOvkdNIeFDP5koI=
github.com/gorilla/mux v1.8.0/go.mod h1:DVbg23sWSpFRCP0SfiEN6jmj59UnW/n46BH5rLB71So=
github.com/magiconair/properties v1.8.4 h1:8KGKTcQQGm0Kv7vEbKFErAoAOFyyacLStRtQSeYtvkY=
github.com/magiconair/properties v1.8.4/go.mod h1:y3VJvCyxH9uVvJTWEGAELF3aiYNyPKd5NZ3oSwXrF60=
